schema: '2.0'
stages:
  data_ingestion:
    cmd: python src/data_ingestion.py
    deps:
    - path: src/data_ingestion.py
      hash: md5
      md5: f00fa9c6605bb2d637dbd5a9208e7ea5
      size: 3562
    params:
      params.yaml:
        data_ingestion.test_size: 0.2
    outs:
    - path: data/raw
      hash: md5
      md5: 6a4d11ab83c20d7412f4696595c0b4d1.dir
      size: 479272
      nfiles: 2
  data_preprocessing:
    cmd: python src/data_preprocessing.py
    deps:
    - path: data/raw
      hash: md5
      md5: 6a4d11ab83c20d7412f4696595c0b4d1.dir
      size: 479272
      nfiles: 2
    - path: src/data_preprocessing.py
      hash: md5
      md5: 426fd7058ab342e2747738fb714d3ec0
      size: 3784
    outs:
    - path: data/interim
      hash: md5
      md5: 66985dfb127596a2bb66138c4a24a6c8.dir
      size: 238178
      nfiles: 2
  feature_engineering:
    cmd: python src/feature_engineering.py
    deps:
    - path: data/interim
      hash: md5
      md5: 66985dfb127596a2bb66138c4a24a6c8.dir
      size: 238178
      nfiles: 2
    - path: src/feature_engineering.py
      hash: md5
      md5: 07467d778bba561dad15c0d2116798ad
      size: 3791
    params:
      params.yaml:
        feature_engineering.max_features: 50
    outs:
    - path: data/processed
      hash: md5
      md5: 9bddff849478f3c759eb1759ec4afa84.dir
      size: 1173080
      nfiles: 2
  model_building:
    cmd: python src/model_building.py
    deps:
    - path: data/processed
      hash: md5
      md5: 9bddff849478f3c759eb1759ec4afa84.dir
      size: 1173080
      nfiles: 2
    - path: src/model_building.py
      hash: md5
      md5: 4ae96199cb416c2f93acf38458902a56
      size: 4386
    params:
      params.yaml:
        model_building.n_estimators: 22
        model_building.random_state: 42
    outs:
    - path: models/model.pkl
      hash: md5
      md5: 600243f501f68cb742e9318eed2e8aea
      size: 871239
  model_evaluation:
    cmd: python src/model_evaluation.py
    deps:
    - path: models/model.pkl
      hash: md5
      md5: 600243f501f68cb742e9318eed2e8aea
      size: 871239
    - path: src/model_evaluation.py
      hash: md5
      md5: f616b19411c03d63e384a7cdc150438b
      size: 4516
    outs:
    - path: reports/metrics.json
      hash: md5
      md5: 90801eefcdd4395cb5c7d5f99134dd6c
      size: 140
