schema: '2.0'
stages:
  data_ingestion:
    cmd: python src/data_ingestion.py
    deps:
    - path: src/data_ingestion.py
      hash: md5
      md5: f00fa9c6605bb2d637dbd5a9208e7ea5
      size: 3562
    params:
      params.yaml:
        data_ingestion.test_size: 0.32
    outs:
    - path: data/raw
      hash: md5
      md5: be7f531d4930f0e7cdf671fd82f121ca.dir
      size: 479272
      nfiles: 2
  data_preprocessing:
    cmd: python src/data_preprocessing.py
    deps:
    - path: data/raw
      hash: md5
      md5: be7f531d4930f0e7cdf671fd82f121ca.dir
      size: 479272
      nfiles: 2
    - path: src/data_preprocessing.py
      hash: md5
      md5: 426fd7058ab342e2747738fb714d3ec0
      size: 3784
    outs:
    - path: data/interim
      hash: md5
      md5: 5de8d1d48b05f1a0a59055384c388f47.dir
      size: 240189
      nfiles: 2
  feature_engineering:
    cmd: python src/feature_engineering.py
    deps:
    - path: data/interim
      hash: md5
      md5: 5de8d1d48b05f1a0a59055384c388f47.dir
      size: 240189
      nfiles: 2
    - path: src/feature_engineering.py
      hash: md5
      md5: 07467d778bba561dad15c0d2116798ad
      size: 3791
    params:
      params.yaml:
        feature_engineering.max_features: 19
    outs:
    - path: data/processed
      hash: md5
      md5: 761cb626671c7ae62c080377c3c29797.dir
      size: 458095
      nfiles: 2
  model_building:
    cmd: python src/model_building.py
    deps:
    - path: data/processed
      hash: md5
      md5: 761cb626671c7ae62c080377c3c29797.dir
      size: 458095
      nfiles: 2
    - path: src/model_building.py
      hash: md5
      md5: 4ae96199cb416c2f93acf38458902a56
      size: 4386
    params:
      params.yaml:
        model_building.n_estimators: 24
        model_building.random_state: 29
    outs:
    - path: models/model.pkl
      hash: md5
      md5: 4198688fa7a72df7aa3264291a2633c6
      size: 506507
  model_evaluation:
    cmd: python src/model_evaluation.py
    deps:
    - path: models/model.pkl
      hash: md5
      md5: 4198688fa7a72df7aa3264291a2633c6
      size: 506507
    - path: src/model_evaluation.py
      hash: md5
      md5: efb1de9838f57b0e50862992a47805df
      size: 4502
    outs:
    - path: reports/metrics.json
      hash: md5
      md5: 061017274ace83f4a120ed8a85893b35
      size: 139
